github.com/PuerkitoBio/goquery v1.12.0 h1:pAcL4g3WRXekcB9AU/y1mbKez2dbY2AajVhtkO8RIBo=
github.com/PuerkitoBio/goquery v1.12.0/go.mod h1:802ej+gV2y7bbIhOIoPY5sT183ZW0YFofScC4q/hIpQ=
github.com/andybalholm/cascadia v1.3.4 h1:vM2lgh0Vru9Vwyfm4cQqWP2HHMW0u0+2PAW7Q38Qufg=
github.com/andybalholm/cascadia v1.3.4/go.mod h1:BLRmbRjpEtNKieZOCCvYj4RqN+KRA41GBe/5O+G93kM=
github.com/boxesandglue/baseline-pdf v1.1.27 h1:dyUbAPCkRZMUDBFyEICgapfmeKZ9TJ48F5CqG590TqA=
github.com/boxesandglue/baseline-pdf v1.1.27/go.mod h1:N/SYLHgCTQynOvwxkGABOQacGqJLEuvhFWVlV3ipDkQ=
github.com/boxesandglue/boxesandglue v0.2.86 h1:7+UqnjXSGUg5BhaZ2aVtE5HnDuSbEW65N3ABonIVeqA=
github.com/boxesandglue/boxesandglue v0.2.86/go.mod h1:w+OcT7mRUJRpw7Z5EVRoU09Ykj2kZqD3Gi+1srr991k=
github.com/boxesandglue/gofpdi v1.0.24 h1:7Q0v4dkmByemj8PyIYi8ylIYrUnNhY/L/Ed6MRGwlro=
github.com/boxesandglue/gofpdi v1.0.24/go.mod h1:U26faV5/yQf8ivQS0Tt2TdpU7Y8X9wpLLB2T/5oI+u4=
github.com/boxesandglue/htmlbag v0.0.89 h1:liEz3pPns5N+IsTqyh2IkgQ9Eh/ejvzG4V7apSWRHHQ=
github.com/boxesandglue/htmlbag v0.0.89/go.mod h1:74F7rRkiGl+WcIpHTWT+HU087F8ZLRHu34Z1MU2brkc=
github.com/boxesandglue/svgreader v0.0.6 h1:n7UaYsMlBzsW74BNUJ+vn9vc0ITJM4iZ1z4pYNYINrg=
github.com/boxesandglue/svgreader v0.0.6/go.mod h1:EGGvqEiNQsKBrnLYqDfMznN044fFcKkCHrXDLYJ56IY=
github.com/boxesandglue/textshape v0.0.18 h1:UItAnfJtHpMuJaZ3yFiolGK8bH0KDWxHkHKiIN28GsA=
github.com/boxesandglue/textshape v0.0.18/go.mod h1:DdRw4tpKs6xFaulvBfut/ICZGXgZeibMhoLrQycmVh8=
github.com/clipperhouse/uax29/v2 v2.7.0 h1:+gs4oBZ2gPfVrKPthwbMzWZDaAFPGYK72F0NJv2v7Vk=
github.com/clipperhouse/uax29/v2 v2.7.0/go.mod h1:EFJ2TJMRUaplDxHKj1qAEhCtQPW2tJSwu5BF98AuoVM=
github.com/google/uuid v1.6.0 h1:NIvaJDMOsjHA8n1jAhLSgzrAzy1Hgr+hNrb57e+94F0=
github.com/google/uuid v1.6.0/go.mod h1:TIyPZe4MgqvfeYDBFedMoGGpEw/LqOeaOT+nhxU+yHo=
github.com/speedata/barcode v1.1.1 h1:pEBt6VWg2tG2rOhDePLCub4bZWP6bHyGJhclwyt6Oxc=
github.com/speedata/barcode v1.1.1/go.mod h1:BNwJ2io3ZgecUqunSUFAlfnnI8YTh3SLSHZgs5vaoTY=
github.com/speedata/css v1.0.5 h1:eJms65mtBVtWx3YsRn7crNfZSNMB1/wb2f9fhx2hP7o=
github.com/speedata/css v1.0.5/go.mod h1:xRFJesAMD/T6sqUeQUs5cqwuV0MwPbj7W/3ghmCo38g=
github.com/speedata/hyphenation v1.0.3 h1:zhCgxf5orzVDVXhd1Q1KElfpZQt4l8JTsttENnJxFss=
github.com/speedata/hyphenation v1.0.3/go.mod h1:H//ORhH5NNDACrRQkyw9ny+9XoyjVLbEObfu2K7bcLI=
github.com/speedata/pdfdisassembler v0.0.7 h1:n8gPHlHun8l8JmdB+HORG1SFipQbMnqwoW2f5w/lZYI=
github.com/speedata/pdfdisassembler v0.0.7/go.mod h1:KOflh2TQuVxcJLjZdkA0YqGi1HOCUNlrM4/XzdliQ+Y=
golang.org/x/net v0.57.0 h1:K5+3DljvIuDG9/Jv9rvyMywYNFCQ9RSUY6OOTTkT+tE=
golang.org/x/net v0.57.0/go.mod h1:KpXc8iv+r3XplLAG/f7Jsf9RPszJzdR0f58q9vGOuEU=
golang.org/x/text v0.40.0 h1:Ub2Z6/xjgF1WrYQz2nuITOEegKFtiIy+rieRJ5lHZKs=
golang.org/x/text v0.40.0/go.mod h1:hpnzDAfGV753zIKo+wk3u1bVKCGPbrnF7+7LBF/UHVY=
