github.com/PuerkitoBio/goquery v1.12.0 h1:pAcL4g3WRXekcB9AU/y1mbKez2dbY2AajVhtkO8RIBo=
github.com/PuerkitoBio/goquery v1.12.0/go.mod h1:802ej+gV2y7bbIhOIoPY5sT183ZW0YFofScC4q/hIpQ=
github.com/andybalholm/cascadia v1.3.4 h1:vM2lgh0Vru9Vwyfm4cQqWP2HHMW0u0+2PAW7Q38Qufg=
github.com/andybalholm/cascadia v1.3.4/go.mod h1:BLRmbRjpEtNKieZOCCvYj4RqN+KRA41GBe/5O+G93kM=
github.com/boxesandglue/baseline-pdf v1.1.22 h1:8jz63dd1e6qEA7CDlHKU5lqq82BZJhAamSQVjl+ueAs=
github.com/boxesandglue/baseline-pdf v1.1.22/go.mod h1:WoJAimnUSgqGkxIh5+cWVpBvDoqyUY+hQHI0PFA/qvc=
github.com/boxesandglue/boxesandglue v0.2.57 h1:AAfNzFXEviebJk/OkVwCsrxIDJiqgDx2St633CWT+LI=
github.com/boxesandglue/boxesandglue v0.2.57/go.mod h1:anA4d8f+z3eewk7QVn6nu153Pyr/8242HUcFF7BMOs4=
github.com/boxesandglue/gofpdi v1.0.24 h1:7Q0v4dkmByemj8PyIYi8ylIYrUnNhY/L/Ed6MRGwlro=
github.com/boxesandglue/gofpdi v1.0.24/go.mod h1:U26faV5/yQf8ivQS0Tt2TdpU7Y8X9wpLLB2T/5oI+u4=
github.com/boxesandglue/htmlbag v0.0.61 h1:2wHFf5FuMXTKNNPHrRPM2pzb+BTR65rRjj7SjmMcz8c=
github.com/boxesandglue/htmlbag v0.0.61/go.mod h1:plL9nZNguP9ytfbJeWhykbEek2kjxID/qIksyxD+AD0=
github.com/boxesandglue/svgreader v0.0.5 h1:yUvFP+T66l2YjRjFs7aLQ4lAfimDSLRssy6wZcfOTGc=
github.com/boxesandglue/svgreader v0.0.5/go.mod h1:EGGvqEiNQsKBrnLYqDfMznN044fFcKkCHrXDLYJ56IY=
github.com/boxesandglue/textshape v0.0.15 h1:lWnWReoDxJbO/PNcL/EfMsbLkRgNMzwR86ChN8ZeuO0=
github.com/boxesandglue/textshape v0.0.15/go.mod h1:DdRw4tpKs6xFaulvBfut/ICZGXgZeibMhoLrQycmVh8=
github.com/clipperhouse/uax29/v2 v2.7.0 h1:+gs4oBZ2gPfVrKPthwbMzWZDaAFPGYK72F0NJv2v7Vk=
github.com/clipperhouse/uax29/v2 v2.7.0/go.mod h1:EFJ2TJMRUaplDxHKj1qAEhCtQPW2tJSwu5BF98AuoVM=
github.com/google/uuid v1.6.0 h1:NIvaJDMOsjHA8n1jAhLSgzrAzy1Hgr+hNrb57e+94F0=
github.com/google/uuid v1.6.0/go.mod h1:TIyPZe4MgqvfeYDBFedMoGGpEw/LqOeaOT+nhxU+yHo=
github.com/speedata/barcode v1.1.1 h1:pEBt6VWg2tG2rOhDePLCub4bZWP6bHyGJhclwyt6Oxc=
github.com/speedata/barcode v1.1.1/go.mod h1:BNwJ2io3ZgecUqunSUFAlfnnI8YTh3SLSHZgs5vaoTY=
github.com/speedata/css v1.0.5 h1:eJms65mtBVtWx3YsRn7crNfZSNMB1/wb2f9fhx2hP7o=
github.com/speedata/css v1.0.5/go.mod h1:xRFJesAMD/T6sqUeQUs5cqwuV0MwPbj7W/3ghmCo38g=
github.com/speedata/hyphenation v1.0.2 h1:2rDCtAqNfbf+E56SsqbmNApsVx9CH+4fwIh1RZuu3B8=
github.com/speedata/hyphenation v1.0.2/go.mod h1:vwrKKvBvJWFll0sVZw99hyWS/+r4YlMI7MAYjnje0nM=
github.com/speedata/pdfdisassembler v0.0.7 h1:n8gPHlHun8l8JmdB+HORG1SFipQbMnqwoW2f5w/lZYI=
github.com/speedata/pdfdisassembler v0.0.7/go.mod h1:KOflh2TQuVxcJLjZdkA0YqGi1HOCUNlrM4/XzdliQ+Y=
golang.org/x/net v0.57.0 h1:K5+3DljvIuDG9/Jv9rvyMywYNFCQ9RSUY6OOTTkT+tE=
golang.org/x/net v0.57.0/go.mod h1:KpXc8iv+r3XplLAG/f7Jsf9RPszJzdR0f58q9vGOuEU=
